
Microsoft Visual Studio Solution File, Format Version 12.00
# Visual Studio Version 16
VisualStudioVersion = 16.0.32929.386
MinimumVisualStudioVersion = 10.0.40219.1
Project("{FAE04EC0-301F-11D3-BF4B-00C04F79EFBC}") = "Tín Phát Metech", "Tín Phát Metech\Tín Phát Metech.csproj", "{D13400D6-37F6-46E0-B45F-101CB6440500}"
EndProject
Global
	GlobalSection(SolutionConfigurationPlatforms) = preSolution
		Debug|Any CPU = Debug|Any CPU
		Release|Any CPU = Release|Any CPU
	EndGlobalSection
	GlobalSection(ProjectConfigurationPlatforms) = postSolution
		{D13400D6-37F6-46E0-B45F-101CB6440500}.Debug|Any CPU.ActiveCfg = Debug|Any CPU
		{D13400D6-37F6-46E0-B45F-101CB6440500}.Debug|Any CPU.Build.0 = Debug|Any CPU
		{D13400D6-37F6-46E0-B45F-101CB6440500}.Release|Any CPU.ActiveCfg = Release|Any CPU
		{D13400D6-37F6-46E0-B45F-101CB6440500}.Release|Any CPU.Build.0 = Release|Any CPU
	EndGlobalSection
	GlobalSection(SolutionProperties) = preSolution
		HideSolutionNode = FALSE
	EndGlobalSection
	GlobalSection(ExtensibilityGlobals) = postSolution
		SolutionGuid = {BBA1070C-DA02-442F-A778-8D9DC2789A56}
	EndGlobalSection
EndGlobal
